
Microsoft Visual Studio Solution File, Format Version 12.00
# Visual Studio Version 17
VisualStudioVersion = 17.1.32210.238
MinimumVisualStudioVersion = 10.0.40219.1
Project("{2150E333-8FDC-42A3-9474-1A3956D46DE8}") = "Services", "Services", "{12B8EE6F-4C83-42AF-B1A7-E121E741CA73}"
EndProject
Project("{9A19103F-16F7-4668-BE54-9A1E7A4F7556}") = "UnitAPI", "Services\UnitAPI\UnitAPI.csproj", "{AA07C8D2-9B0F-4950-B994-3BB037513117}"
EndProject
Project("{E53339B2-1760-4266-BCC7-CA923CBCF16C}") = "docker-compose", "docker-compose.dcproj", "{E2192FB4-FF47-4D6D-A8E9-9364014FFDF0}"
EndProject
Project("{9A19103F-16F7-4668-BE54-9A1E7A4F7556}") = "EmployeeAPI", "Services\EmployeeAPI\EmployeeAPI.csproj", "{651E72A7-E000-4727-89D8-D365FA8AB170}"
EndProject
Project("{2150E333-8FDC-42A3-9474-1A3956D46DE8}") = "ApiGateways", "ApiGateways", "{E6029ED2-FB65-4F49-B17C-C1B582BE7ED1}"
EndProject
Project("{9A19103F-16F7-4668-BE54-9A1E7A4F7556}") = "OcelotApiGw", "ApiGateways\OcelotApiGw\OcelotApiGw.csproj", "{655C0C45-1872-4EF5-BA0D-BEFDD5BF5570}"
EndProject
Project("{9A19103F-16F7-4668-BE54-9A1E7A4F7556}") = "Aggregator", "ApiGateways\Aggregator\Aggregator.csproj", "{3961A04C-0F85-4E61-95D4-6253BA26797B}"
EndProject
Project("{9A19103F-16F7-4668-BE54-9A1E7A4F7556}") = "IdentityServer", "Services\IdentityServer\IdentityServer.csproj", "{C629CFC8-62A2-44AC-932D-0F8863B94CD8}"
EndProject
Project("{2150E333-8FDC-42A3-9474-1A3956D46DE8}") = "Clients", "Clients", "{39A836A7-A0A6-4189-A897-E54F005472D2}"
EndProject
Project("{9A19103F-16F7-4668-BE54-9A1E7A4F7556}") = "WebApp", "Clients\WebApp\WebApp.csproj", "{BF8FB7F2-4CB8-4ABA-B703-F2C101EC917A}"
EndProject
Global
	GlobalSection(SolutionConfigurationPlatforms) = preSolution
		Debug|Any CPU = Debug|Any CPU
		Release|Any CPU = Release|Any CPU
	EndGlobalSection
	GlobalSection(ProjectConfigurationPlatforms) = postSolution
		{AA07C8D2-9B0F-4950-B994-3BB037513117}.Debug|Any CPU.ActiveCfg = Debug|Any CPU
		{AA07C8D2-9B0F-4950-B994-3BB037513117}.Debug|Any CPU.Build.0 = Debug|Any CPU
		{AA07C8D2-9B0F-4950-B994-3BB037513117}.Release|Any CPU.ActiveCfg = Release|Any CPU
		{AA07C8D2-9B0F-4950-B994-3BB037513117}.Release|Any CPU.Build.0 = Release|Any CPU
		{E2192FB4-FF47-4D6D-A8E9-9364014FFDF0}.Debug|Any CPU.ActiveCfg = Debug|Any CPU
		{E2192FB4-FF47-4D6D-A8E9-9364014FFDF0}.Debug|Any CPU.Build.0 = Debug|Any CPU
		{E2192FB4-FF47-4D6D-A8E9-9364014FFDF0}.Release|Any CPU.ActiveCfg = Release|Any CPU
		{E2192FB4-FF47-4D6D-A8E9-9364014FFDF0}.Release|Any CPU.Build.0 = Release|Any CPU
		{651E72A7-E000-4727-89D8-D365FA8AB170}.Debug|Any CPU.ActiveCfg = Debug|Any CPU
		{651E72A7-E000-4727-89D8-D365FA8AB170}.Debug|Any CPU.Build.0 = Debug|Any CPU
		{651E72A7-E000-4727-89D8-D365FA8AB170}.Release|Any CPU.ActiveCfg = Release|Any CPU
		{651E72A7-E000-4727-89D8-D365FA8AB170}.Release|Any CPU.Build.0 = Release|Any CPU
		{655C0C45-1872-4EF5-BA0D-BEFDD5BF5570}.Debug|Any CPU.ActiveCfg = Debug|Any CPU
		{655C0C45-1872-4EF5-BA0D-BEFDD5BF5570}.Debug|Any CPU.Build.0 = Debug|Any CPU
		{655C0C45-1872-4EF5-BA0D-BEFDD5BF5570}.Release|Any CPU.ActiveCfg = Release|Any CPU
		{655C0C45-1872-4EF5-BA0D-BEFDD5BF5570}.Release|Any CPU.Build.0 = Release|Any CPU
		{3961A04C-0F85-4E61-95D4-6253BA26797B}.Debug|Any CPU.ActiveCfg = Debug|Any CPU
		{3961A04C-0F85-4E61-95D4-6253BA26797B}.Debug|Any CPU.Build.0 = Debug|Any CPU
		{3961A04C-0F85-4E61-95D4-6253BA26797B}.Release|Any CPU.ActiveCfg = Release|Any CPU
		{3961A04C-0F85-4E61-95D4-6253BA26797B}.Release|Any CPU.Build.0 = Release|Any CPU
		{C629CFC8-62A2-44AC-932D-0F8863B94CD8}.Debug|Any CPU.ActiveCfg = Debug|Any CPU
		{C629CFC8-62A2-44AC-932D-0F8863B94CD8}.Debug|Any CPU.Build.0 = Debug|Any CPU
		{C629CFC8-62A2-44AC-932D-0F8863B94CD8}.Release|Any CPU.ActiveCfg = Release|Any CPU
		{C629CFC8-62A2-44AC-932D-0F8863B94CD8}.Release|Any CPU.Build.0 = Release|Any CPU
		{BF8FB7F2-4CB8-4ABA-B703-F2C101EC917A}.Debug|Any CPU.ActiveCfg = Debug|Any CPU
		{BF8FB7F2-4CB8-4ABA-B703-F2C101EC917A}.Debug|Any CPU.Build.0 = Debug|Any CPU
		{BF8FB7F2-4CB8-4ABA-B703-F2C101EC917A}.Release|Any CPU.ActiveCfg = Release|Any CPU
		{BF8FB7F2-4CB8-4ABA-B703-F2C101EC917A}.Release|Any CPU.Build.0 = Release|Any CPU
	EndGlobalSection
	GlobalSection(SolutionProperties) = preSolution
		HideSolutionNode = FALSE
	EndGlobalSection
	GlobalSection(NestedProjects) = preSolution
		{AA07C8D2-9B0F-4950-B994-3BB037513117} = {12B8EE6F-4C83-42AF-B1A7-E121E741CA73}
		{651E72A7-E000-4727-89D8-D365FA8AB170} = {12B8EE6F-4C83-42AF-B1A7-E121E741CA73}
		{655C0C45-1872-4EF5-BA0D-BEFDD5BF5570} = {E6029ED2-FB65-4F49-B17C-C1B582BE7ED1}
		{3961A04C-0F85-4E61-95D4-6253BA26797B} = {E6029ED2-FB65-4F49-B17C-C1B582BE7ED1}
		{C629CFC8-62A2-44AC-932D-0F8863B94CD8} = {12B8EE6F-4C83-42AF-B1A7-E121E741CA73}
		{BF8FB7F2-4CB8-4ABA-B703-F2C101EC917A} = {39A836A7-A0A6-4189-A897-E54F005472D2}
	EndGlobalSection
	GlobalSection(ExtensibilityGlobals) = postSolution
		SolutionGuid = {CBDD3C87-C707-4387-9D9C-59DFF465F125}
	EndGlobalSection
EndGlobal
